
Microsoft Visual Studio Solution File, Format Version 12.00
# Visual Studio Version 16
VisualStudioVersion = 16.0.31313.79
MinimumVisualStudioVersion = 10.0.40219.1
Project("{2150E333-8FDC-42A3-9474-1A3956D46DE8}") = "src", "src", "{B2298912-54AF-42FA-B61B-7E9BCB433DB8}"
EndProject
Project("{2150E333-8FDC-42A3-9474-1A3956D46DE8}") = "Building Blocks", "Building Blocks", "{90908E7D-160B-4405-ABB9-45628D15A7D0}"
EndProject
Project("{2150E333-8FDC-42A3-9474-1A3956D46DE8}") = "Services", "Services", "{9915FC83-D5E9-4E0F-B697-6A3190DB2F1D}"
EndProject
Project("{2150E333-8FDC-42A3-9474-1A3956D46DE8}") = "Web", "Web", "{F133F383-CAB5-496B-A034-E53687D0DD57}"
EndProject
Project("{2150E333-8FDC-42A3-9474-1A3956D46DE8}") = "Identidade", "Identidade", "{BAE13A08-7957-4785-9BB2-A45D08B41F88}"
EndProject
Project("{FAE04EC0-301F-11D3-BF4B-00C04F79EFBC}") = "NSE.Identidade.API", "src\services\NSE.Identidade.API\NSE.Identidade.API.csproj", "{553101AA-CCBC-4833-8DEA-FBC028F22C21}"
EndProject
Project("{2150E333-8FDC-42A3-9474-1A3956D46DE8}") = "MVC", "MVC", "{73D2A231-050B-4C5A-A187-E2AFC20A98A1}"
EndProject
Project("{FAE04EC0-301F-11D3-BF4B-00C04F79EFBC}") = "NSE.WebApp.MVC", "src\web\NSE.WebApp.MVC\NSE.WebApp.MVC.csproj", "{A8BF96C7-E632-4609-9E39-10128A9D914A}"
EndProject
Project("{2150E333-8FDC-42A3-9474-1A3956D46DE8}") = "Core", "Core", "{80F5F2C9-1511-439D-AB6D-7A850C380E77}"
EndProject
Project("{FAE04EC0-301F-11D3-BF4B-00C04F79EFBC}") = "NSE.Core", "src\building blocks\NSE.Core\NSE.Core.csproj", "{44BF261E-8518-4345-9144-D8B4913909C7}"
EndProject
Project("{2150E333-8FDC-42A3-9474-1A3956D46DE8}") = "Carrinho", "Carrinho", "{59D34F1A-8DA8-4F7F-9EA0-247DB3AF7D8F}"
EndProject
Project("{2150E333-8FDC-42A3-9474-1A3956D46DE8}") = "Catalogo", "Catalogo", "{5B391337-745B-4945-B7BD-136F7799381E}"
EndProject
Project("{2150E333-8FDC-42A3-9474-1A3956D46DE8}") = "Cliente", "Cliente", "{9FC7EA91-5FF8-4F31-B22E-7ABCCC5A0D31}"
EndProject
Project("{2150E333-8FDC-42A3-9474-1A3956D46DE8}") = "Pagamento", "Pagamento", "{0F11D24C-0FCF-4CC4-A627-07489B0B0DB7}"
EndProject
Project("{2150E333-8FDC-42A3-9474-1A3956D46DE8}") = "Pedido", "Pedido", "{4F6CDA2A-E5F1-459F-9F76-C6E0D3F71590}"
EndProject
Project("{FAE04EC0-301F-11D3-BF4B-00C04F79EFBC}") = "NSE.Carrinho.API", "src\services\NSE.Carrinho.API\NSE.Carrinho.API.csproj", "{ED951C2C-014F-442E-9A0D-78CB59D7E664}"
EndProject
Project("{FAE04EC0-301F-11D3-BF4B-00C04F79EFBC}") = "NSE.Catalogo.API", "src\services\NSE.Catalogo.API\NSE.Catalogo.API.csproj", "{6A62237F-A2E8-4D86-BEEC-E897772E8E9C}"
EndProject
Project("{FAE04EC0-301F-11D3-BF4B-00C04F79EFBC}") = "NSE.Cliente.API", "src\services\NSE.Cliente.API\NSE.Cliente.API.csproj", "{59805B09-E961-47BC-8C2F-128A4146BB60}"
EndProject
Project("{FAE04EC0-301F-11D3-BF4B-00C04F79EFBC}") = "NSE.Pagamento.API", "src\services\NSE.Pagamento.API\NSE.Pagamento.API.csproj", "{CDC655A9-8C18-4514-BB89-21869242C9F2}"
EndProject
Project("{FAE04EC0-301F-11D3-BF4B-00C04F79EFBC}") = "NSE.Pedido.API", "src\services\NSE.Pedido.API\NSE.Pedido.API.csproj", "{A0A6BA7B-7F46-487F-BCA8-AEEDD031D346}"
EndProject
Global
	GlobalSection(SolutionConfigurationPlatforms) = preSolution
		Debug|Any CPU = Debug|Any CPU
		Release|Any CPU = Release|Any CPU
	EndGlobalSection
	GlobalSection(ProjectConfigurationPlatforms) = postSolution
		{553101AA-CCBC-4833-8DEA-FBC028F22C21}.Debug|Any CPU.ActiveCfg = Debug|Any CPU
		{553101AA-CCBC-4833-8DEA-FBC028F22C21}.Debug|Any CPU.Build.0 = Debug|Any CPU
		{553101AA-CCBC-4833-8DEA-FBC028F22C21}.Release|Any CPU.ActiveCfg = Release|Any CPU
		{553101AA-CCBC-4833-8DEA-FBC028F22C21}.Release|Any CPU.Build.0 = Release|Any CPU
		{A8BF96C7-E632-4609-9E39-10128A9D914A}.Debug|Any CPU.ActiveCfg = Debug|Any CPU
		{A8BF96C7-E632-4609-9E39-10128A9D914A}.Debug|Any CPU.Build.0 = Debug|Any CPU
		{A8BF96C7-E632-4609-9E39-10128A9D914A}.Release|Any CPU.ActiveCfg = Release|Any CPU
		{A8BF96C7-E632-4609-9E39-10128A9D914A}.Release|Any CPU.Build.0 = Release|Any CPU
		{44BF261E-8518-4345-9144-D8B4913909C7}.Debug|Any CPU.ActiveCfg = Debug|Any CPU
		{44BF261E-8518-4345-9144-D8B4913909C7}.Debug|Any CPU.Build.0 = Debug|Any CPU
		{44BF261E-8518-4345-9144-D8B4913909C7}.Release|Any CPU.ActiveCfg = Release|Any CPU
		{44BF261E-8518-4345-9144-D8B4913909C7}.Release|Any CPU.Build.0 = Release|Any CPU
		{ED951C2C-014F-442E-9A0D-78CB59D7E664}.Debug|Any CPU.ActiveCfg = Debug|Any CPU
		{ED951C2C-014F-442E-9A0D-78CB59D7E664}.Debug|Any CPU.Build.0 = Debug|Any CPU
		{ED951C2C-014F-442E-9A0D-78CB59D7E664}.Release|Any CPU.ActiveCfg = Release|Any CPU
		{ED951C2C-014F-442E-9A0D-78CB59D7E664}.Release|Any CPU.Build.0 = Release|Any CPU
		{6A62237F-A2E8-4D86-BEEC-E897772E8E9C}.Debug|Any CPU.ActiveCfg = Debug|Any CPU
		{6A62237F-A2E8-4D86-BEEC-E897772E8E9C}.Debug|Any CPU.Build.0 = Debug|Any CPU
		{6A62237F-A2E8-4D86-BEEC-E897772E8E9C}.Release|Any CPU.ActiveCfg = Release|Any CPU
		{6A62237F-A2E8-4D86-BEEC-E897772E8E9C}.Release|Any CPU.Build.0 = Release|Any CPU
		{59805B09-E961-47BC-8C2F-128A4146BB60}.Debug|Any CPU.ActiveCfg = Debug|Any CPU
		{59805B09-E961-47BC-8C2F-128A4146BB60}.Debug|Any CPU.Build.0 = Debug|Any CPU
		{59805B09-E961-47BC-8C2F-128A4146BB60}.Release|Any CPU.ActiveCfg = Release|Any CPU
		{59805B09-E961-47BC-8C2F-128A4146BB60}.Release|Any CPU.Build.0 = Release|Any CPU
		{CDC655A9-8C18-4514-BB89-21869242C9F2}.Debug|Any CPU.ActiveCfg = Debug|Any CPU
		{CDC655A9-8C18-4514-BB89-21869242C9F2}.Debug|Any CPU.Build.0 = Debug|Any CPU
		{CDC655A9-8C18-4514-BB89-21869242C9F2}.Release|Any CPU.ActiveCfg = Release|Any CPU
		{CDC655A9-8C18-4514-BB89-21869242C9F2}.Release|Any CPU.Build.0 = Release|Any CPU
		{A0A6BA7B-7F46-487F-BCA8-AEEDD031D346}.Debug|Any CPU.ActiveCfg = Debug|Any CPU
		{A0A6BA7B-7F46-487F-BCA8-AEEDD031D346}.Debug|Any CPU.Build.0 = Debug|Any CPU
		{A0A6BA7B-7F46-487F-BCA8-AEEDD031D346}.Release|Any CPU.ActiveCfg = Release|Any CPU
		{A0A6BA7B-7F46-487F-BCA8-AEEDD031D346}.Release|Any CPU.Build.0 = Release|Any CPU
	EndGlobalSection
	GlobalSection(SolutionProperties) = preSolution
		HideSolutionNode = FALSE
	EndGlobalSection
	GlobalSection(NestedProjects) = preSolution
		{90908E7D-160B-4405-ABB9-45628D15A7D0} = {B2298912-54AF-42FA-B61B-7E9BCB433DB8}
		{9915FC83-D5E9-4E0F-B697-6A3190DB2F1D} = {B2298912-54AF-42FA-B61B-7E9BCB433DB8}
		{F133F383-CAB5-496B-A034-E53687D0DD57} = {B2298912-54AF-42FA-B61B-7E9BCB433DB8}
		{BAE13A08-7957-4785-9BB2-A45D08B41F88} = {9915FC83-D5E9-4E0F-B697-6A3190DB2F1D}
		{553101AA-CCBC-4833-8DEA-FBC028F22C21} = {BAE13A08-7957-4785-9BB2-A45D08B41F88}
		{73D2A231-050B-4C5A-A187-E2AFC20A98A1} = {F133F383-CAB5-496B-A034-E53687D0DD57}
		{A8BF96C7-E632-4609-9E39-10128A9D914A} = {73D2A231-050B-4C5A-A187-E2AFC20A98A1}
		{80F5F2C9-1511-439D-AB6D-7A850C380E77} = {90908E7D-160B-4405-ABB9-45628D15A7D0}
		{44BF261E-8518-4345-9144-D8B4913909C7} = {80F5F2C9-1511-439D-AB6D-7A850C380E77}
		{59D34F1A-8DA8-4F7F-9EA0-247DB3AF7D8F} = {9915FC83-D5E9-4E0F-B697-6A3190DB2F1D}
		{5B391337-745B-4945-B7BD-136F7799381E} = {9915FC83-D5E9-4E0F-B697-6A3190DB2F1D}
		{9FC7EA91-5FF8-4F31-B22E-7ABCCC5A0D31} = {9915FC83-D5E9-4E0F-B697-6A3190DB2F1D}
		{0F11D24C-0FCF-4CC4-A627-07489B0B0DB7} = {9915FC83-D5E9-4E0F-B697-6A3190DB2F1D}
		{4F6CDA2A-E5F1-459F-9F76-C6E0D3F71590} = {9915FC83-D5E9-4E0F-B697-6A3190DB2F1D}
		{ED951C2C-014F-442E-9A0D-78CB59D7E664} = {59D34F1A-8DA8-4F7F-9EA0-247DB3AF7D8F}
		{6A62237F-A2E8-4D86-BEEC-E897772E8E9C} = {5B391337-745B-4945-B7BD-136F7799381E}
		{59805B09-E961-47BC-8C2F-128A4146BB60} = {9FC7EA91-5FF8-4F31-B22E-7ABCCC5A0D31}
		{CDC655A9-8C18-4514-BB89-21869242C9F2} = {0F11D24C-0FCF-4CC4-A627-07489B0B0DB7}
		{A0A6BA7B-7F46-487F-BCA8-AEEDD031D346} = {4F6CDA2A-E5F1-459F-9F76-C6E0D3F71590}
	EndGlobalSection
	GlobalSection(ExtensibilityGlobals) = postSolution
		SolutionGuid = {6ADEDA31-1A52-44FC-9FC3-7774E48E09DB}
	EndGlobalSection
EndGlobal
